
Microsoft Visual Studio Solution File, Format Version 12.00
# Visual Studio Version 16
VisualStudioVersion = 16.0.31702.278
MinimumVisualStudioVersion = 10.0.40219.1
Project("{FAE04EC0-301F-11D3-BF4B-00C04F79EFBC}") = "Vinateria", "Vinateria\Vinateria.csproj", "{6F5B93EE-B8E0-44ED-9ADC-FD164F6B120F}"
EndProject
Global
	GlobalSection(SolutionConfigurationPlatforms) = preSolution
		Debug|Any CPU = Debug|Any CPU
		Release|Any CPU = Release|Any CPU
	EndGlobalSection
	GlobalSection(ProjectConfigurationPlatforms) = postSolution
		{6F5B93EE-B8E0-44ED-9ADC-FD164F6B120F}.Debug|Any CPU.ActiveCfg = Debug|Any CPU
		{6F5B93EE-B8E0-44ED-9ADC-FD164F6B120F}.Debug|Any CPU.Build.0 = Debug|Any CPU
		{6F5B93EE-B8E0-44ED-9ADC-FD164F6B120F}.Release|Any CPU.ActiveCfg = Release|Any CPU
		{6F5B93EE-B8E0-44ED-9ADC-FD164F6B120F}.Release|Any CPU.Build.0 = Release|Any CPU
	EndGlobalSection
	GlobalSection(SolutionProperties) = preSolution
		HideSolutionNode = FALSE
	EndGlobalSection
	GlobalSection(ExtensibilityGlobals) = postSolution
		SolutionGuid = {C1DD8ED5-98ED-4BBD-AA8A-A601DFB464C4}
	EndGlobalSection
EndGlobal
